<?xml version="1.0" encoding="UTF-8"?>
<CONFIG>
  <ProjectOptions>
    <Version Value="12"/>
    <General>
      <Flags>
        <MainUnitHasCreateFormStatements Value="False"/>
        <MainUnitHasTitleStatement Value="False"/>
        <MainUnitHasScaledStatement Value="False"/>
        <CompatibilityMode Value="True"/>
      </Flags>
      <SessionStorage Value="InProjectDir"/>
      <Title Value="TestObjectPascalParserCLI"/>
      <UseAppBundle Value="False"/>
      <ResourceType Value="res"/>
    </General>
    <BuildModes Count="3">
      <Item1 Name="Default" Default="True"/>
      <Item2 Name="Debug">
        <CompilerOptions>
          <Version Value="11"/>
          <Target>
            <Filename Value="../bin/TestObjectPascalParserCLI"/>
          </Target>
          <SearchPaths>
            <IncludeFiles Value="../src;$(ProjOutDir)"/>
            <OtherUnitFiles Value="tests;text;../src/text;states;../src/states;tokenizing;../src/tokenizing;parser;../src/parser"/>
            <UnitOutputDirectory Value="../bin/lib/$(TargetCPU)-$(TargetOS)"/>
          </SearchPaths>
          <Parsing>
            <SyntaxOptions>
              <IncludeAssertionCode Value="True"/>
            </SyntaxOptions>
          </Parsing>
          <CodeGeneration>
            <Checks>
              <IOChecks Value="True"/>
              <RangeChecks Value="True"/>
              <OverflowChecks Value="True"/>
              <StackChecks Value="True"/>
            </Checks>
            <VerifyObjMethodCallValidity Value="True"/>
          </CodeGeneration>
          <Linking>
            <Debugging>
              <DebugInfoType Value="dsDwarf3"/>
              <UseHeaptrc Value="True"/>
              <TrashVariables Value="True"/>
              <UseExternalDbgSyms Value="True"/>
            </Debugging>
          </Linking>
        </CompilerOptions>
      </Item2>
      <Item3 Name="Release">
        <CompilerOptions>
          <Version Value="11"/>
          <Target>
            <Filename Value="../bin/TestObjectPascalParserCLI"/>
          </Target>
          <SearchPaths>
            <IncludeFiles Value="../src;$(ProjOutDir)"/>
            <OtherUnitFiles Value="tests;text;../src/text;states;../src/states;tokenizing;../src/tokenizing;parser;../src/parser"/>
            <UnitOutputDirectory Value="../bin/lib/$(TargetCPU)-$(TargetOS)"/>
          </SearchPaths>
          <CodeGeneration>
            <SmartLinkUnit Value="True"/>
            <Optimizations>
              <OptimizationLevel Value="3"/>
            </Optimizations>
          </CodeGeneration>
          <Linking>
            <Debugging>
              <GenerateDebugInfo Value="False"/>
            </Debugging>
            <LinkSmart Value="True"/>
          </Linking>
        </CompilerOptions>
      </Item3>
    </BuildModes>
    <PublishOptions>
      <Version Value="2"/>
      <UseFileFilters Value="True"/>
    </PublishOptions>
    <RunParams>
      <FormatVersion Value="2"/>
    </RunParams>
    <RequiredPackages Count="1">
      <Item1>
        <PackageName Value="FCL"/>
      </Item1>
    </RequiredPackages>
    <Units Count="16">
      <Unit0>
        <Filename Value="TestObjectPascalParserCLI.lpr"/>
        <IsPartOfProject Value="True"/>
      </Unit0>
      <Unit1>
        <Filename Value="tests/opp.tests.pas"/>
        <IsPartOfProject Value="True"/>
        <UnitName Value="OPP.Tests"/>
      </Unit1>
      <Unit2>
        <Filename Value="text/testobjectpascalparsertextsourcefile.pas"/>
        <IsPartOfProject Value="True"/>
        <UnitName Value="TestObjectPascalParserTextSourceFile"/>
      </Unit2>
      <Unit3>
        <Filename Value="../src/text/opp.text.pas"/>
        <IsPartOfProject Value="True"/>
        <UnitName Value="OPP.Text"/>
      </Unit3>
      <Unit4>
        <Filename Value="../src/text/opp.text.sourcefile.pas"/>
        <IsPartOfProject Value="True"/>
        <UnitName Value="OPP.Text.SourceFile"/>
      </Unit4>
      <Unit5>
        <Filename Value="states/testobjectpascalparserstatesstack.pas"/>
        <IsPartOfProject Value="True"/>
        <UnitName Value="TestObjectPascalParserStatesStack"/>
      </Unit5>
      <Unit6>
        <Filename Value="../src/states/opp.states.pas"/>
        <IsPartOfProject Value="True"/>
        <UnitName Value="OPP.States"/>
      </Unit6>
      <Unit7>
        <Filename Value="../src/states/opp.states.stack.pas"/>
        <IsPartOfProject Value="True"/>
        <UnitName Value="OPP.States.Stack"/>
      </Unit7>
      <Unit8>
        <Filename Value="states/testobjectpascalparserstatesstacktokens.pas"/>
        <IsPartOfProject Value="True"/>
        <UnitName Value="TestObjectPascalParserStatesStackTokens"/>
      </Unit8>
      <Unit9>
        <Filename Value="../src/states/opp.states.stacktokens.pas"/>
        <IsPartOfProject Value="True"/>
        <UnitName Value="OPP.States.StackTokens"/>
      </Unit9>
      <Unit10>
        <Filename Value="tokenizing/testobjectpascalparsertokenizingtokenizer.pas"/>
        <IsPartOfProject Value="True"/>
        <UnitName Value="TestObjectPascalParserTokenizingTokenizer"/>
      </Unit10>
      <Unit11>
        <Filename Value="../src/tokenizing/opp.tokenizing.tokens.pas"/>
        <IsPartOfProject Value="True"/>
        <UnitName Value="OPP.Tokenizing.Tokens"/>
      </Unit11>
      <Unit12>
        <Filename Value="../src/tokenizing/opp.tokenizing.tokenizer.pas"/>
        <IsPartOfProject Value="True"/>
        <UnitName Value="OPP.Tokenizing.Tokenizer"/>
      </Unit12>
      <Unit13>
        <Filename Value="tokenizing/testobjectpascalparsertokenizingtokenizereof.pas"/>
        <IsPartOfProject Value="True"/>
        <UnitName Value="TestObjectPascalParserTokenizingTokenizerEOF"/>
      </Unit13>
      <Unit14>
        <Filename Value="parser/testobjectpascalparser.pas"/>
        <IsPartOfProject Value="True"/>
        <UnitName Value="TestObjectPascalParser"/>
      </Unit14>
      <Unit15>
        <Filename Value="../src/parser/opp.parser.pas"/>
        <IsPartOfProject Value="True"/>
        <UnitName Value="OPP.Parser"/>
      </Unit15>
    </Units>
  </ProjectOptions>
  <CompilerOptions>
    <Version Value="11"/>
    <Target>
      <Filename Value="../bin/TestObjectPascalParserCLI"/>
    </Target>
    <SearchPaths>
      <IncludeFiles Value="../src;$(ProjOutDir)"/>
      <OtherUnitFiles Value="tests;text;../src/text;states;../src/states;tokenizing;../src/tokenizing;parser;../src/parser"/>
      <UnitOutputDirectory Value="../bin/lib/$(TargetCPU)-$(TargetOS)"/>
    </SearchPaths>
  </CompilerOptions>
  <Debugging>
    <Exceptions Count="4">
      <Item1>
        <Name Value="EAbort"/>
      </Item1>
      <Item2>
        <Name Value="ECodetoolError"/>
      </Item2>
      <Item3>
        <Name Value="EFOpenError"/>
      </Item3>
      <Item4>
        <Name Value="ETextSourceFileDoesNotExist"/>
      </Item4>
    </Exceptions>
  </Debugging>
</CONFIG>
